[[package]]
name = "amqp"
version = "5.0.5"
description = "Low-level AMQP client for Python (fork of amqplib)."
category = "main"
optional = false
python-versions = ">=3.6"

[package.dependencies]
vine = "5.0.0"

[[package]]
name = "asgiref"
version = "3.3.1"
description = "ASGI specs, helper code, and adapters"
category = "main"
optional = false
python-versions = ">=3.5"

[package.extras]
tests = ["pytest", "pytest-asyncio"]

[[package]]
name = "billiard"
version = "3.6.3.0"
description = "Python multiprocessing fork with improvements and bugfixes"
category = "main"
optional = false
python-versions = "*"

[[package]]
name = "celery"
version = "5.0.5"
description = "Distributed Task Queue."
category = "main"
optional = false
python-versions = ">=3.6,"

[package.dependencies]
billiard = ">=3.6.3.0,<4.0"
click = ">=7.0,<8.0"
click-didyoumean = ">=0.0.3"
click-plugins = ">=1.1.1"
click-repl = ">=0.1.6"
kombu = ">=5.0.0,<6.0"
pytz = ">0.0-dev"
vine = ">=5.0.0,<6.0"

[package.extras]
arangodb = ["pyArango (>=1.3.2)"]
auth = ["cryptography"]
azureblockblob = ["azure-storage (==0.36.0)", "azure-common (==1.1.5)", "azure-storage-common (==1.1.0)"]
brotli = ["brotli (>=1.0.0)", "brotlipy (>=0.7.0)"]
cassandra = ["cassandra-driver (<3.21.0)"]
consul = ["python-consul"]
cosmosdbsql = ["pydocumentdb (==2.3.2)"]
couchbase = ["couchbase (>=3.0.0)"]
couchdb = ["pycouchdb"]
django = ["Django (>=1.11)"]
dynamodb = ["boto3 (>=1.9.178)"]
elasticsearch = ["elasticsearch"]
eventlet = ["eventlet (>=0.26.1)"]
gevent = ["gevent (>=1.0.0)"]
librabbitmq = ["librabbitmq (>=1.5.0)"]
lzma = ["backports.lzma"]
memcache = ["pylibmc"]
mongodb = ["pymongo[srv] (>=3.3.0)"]
msgpack = ["msgpack"]
pymemcache = ["python-memcached"]
pyro = ["pyro4"]
pytest = ["pytest-celery"]
redis = ["redis (>=3.2.0)"]
s3 = ["boto3 (>=1.9.125)"]
slmq = ["softlayer-messaging (>=1.0.3)"]
solar = ["ephem"]
sqlalchemy = ["sqlalchemy"]
sqs = ["boto3 (>=1.9.125)", "pycurl (==7.43.0.5)"]
tblib = ["tblib (>=1.3.0)", "tblib (>=1.5.0)"]
yaml = ["PyYAML (>=3.10)"]
zookeeper = ["kazoo (>=1.3.1)"]
zstd = ["zstandard"]

[[package]]
name = "certifi"
version = "2020.12.5"
description = "Python package for providing Mozilla's CA Bundle."
category = "main"
optional = false
python-versions = "*"

[[package]]
name = "chardet"
version = "4.0.0"
description = "Universal encoding detector for Python 2 and 3"
category = "main"
optional = false
python-versions = ">=2.7, !=3.0.*, !=3.1.*, !=3.2.*, !=3.3.*, !=3.4.*"

[[package]]
name = "click"
version = "7.1.2"
description = "Composable command line interface toolkit"
category = "main"
optional = false
python-versions = ">=2.7, !=3.0.*, !=3.1.*, !=3.2.*, !=3.3.*, !=3.4.*"

[[package]]
name = "click-didyoumean"
version = "0.0.3"
description = "Enable git-like did-you-mean feature in click."
category = "main"
optional = false
python-versions = "*"

[package.dependencies]
click = "*"

[[package]]
name = "click-plugins"
version = "1.1.1"
description = "An extension module for click to enable registering CLI commands via setuptools entry-points."
category = "main"
optional = false
python-versions = "*"

[package.dependencies]
click = ">=4.0"

[package.extras]
dev = ["pytest (>=3.6)", "pytest-cov", "wheel", "coveralls"]

[[package]]
name = "click-repl"
version = "0.1.6"
description = "REPL plugin for Click"
category = "main"
optional = false
python-versions = "*"

[package.dependencies]
click = "*"
prompt-toolkit = "*"
six = "*"

[[package]]
name = "django"
version = "3.1.7"
description = "A high-level Python Web framework that encourages rapid development and clean, pragmatic design."
category = "main"
optional = false
python-versions = ">=3.6"

[package.dependencies]
asgiref = ">=3.2.10,<4"
pytz = "*"
sqlparse = ">=0.2.2"

[package.extras]
argon2 = ["argon2-cffi (>=16.1.0)"]
bcrypt = ["bcrypt"]

[[package]]
name = "django-redis"
version = "4.12.1"
description = "Full featured redis cache backend for Django."
category = "main"
optional = false
python-versions = ">=3.5"

[package.dependencies]
Django = ">=2.2"
redis = ">=3.0.0"

[[package]]
name = "faker"
version = "6.5.0"
description = "Faker is a Python package that generates fake data for you."
category = "dev"
optional = false
python-versions = ">=3.6"

[package.dependencies]
python-dateutil = ">=2.4"
text-unidecode = "1.3"

[[package]]
name = "flake8"
version = "3.8.4"
description = "the modular source code checker: pep8 pyflakes and co"
category = "dev"
optional = false
python-versions = "!=3.0.*,!=3.1.*,!=3.2.*,!=3.3.*,>=2.7"

[package.dependencies]
mccabe = ">=0.6.0,<0.7.0"
pycodestyle = ">=2.6.0a1,<2.7.0"
pyflakes = ">=2.2.0,<2.3.0"

[[package]]
name = "gender-guesser"
version = "0.4.0"
description = "Get the gender from first name."
category = "dev"
optional = false
python-versions = "*"

[[package]]
name = "gunicorn"
version = "20.0.4"
description = "WSGI HTTP Server for UNIX"
category = "main"
optional = false
python-versions = ">=3.4"

[package.extras]
eventlet = ["eventlet (>=0.9.7)"]
gevent = ["gevent (>=0.13)"]
setproctitle = ["setproctitle"]
tornado = ["tornado (>=0.2)"]

[[package]]
name = "idna"
version = "2.10"
description = "Internationalized Domain Names in Applications (IDNA)"
category = "main"
optional = false
python-versions = ">=2.7, !=3.0.*, !=3.1.*, !=3.2.*, !=3.3.*"

[[package]]
name = "kombu"
version = "5.0.2"
description = "Messaging library for Python."
category = "main"
optional = false
python-versions = ">=3.6"

[package.dependencies]
amqp = ">=5.0.0,<6.0.0"

[package.extras]
azureservicebus = ["azure-servicebus (>=0.21.1)"]
azurestoragequeues = ["azure-storage-queue"]
consul = ["python-consul (>=0.6.0)"]
librabbitmq = ["librabbitmq (>=1.5.2)"]
mongodb = ["pymongo (>=3.3.0)"]
msgpack = ["msgpack"]
pyro = ["pyro4"]
qpid = ["qpid-python (>=0.26)", "qpid-tools (>=0.26)"]
redis = ["redis (>=3.3.11)"]
slmq = ["softlayer-messaging (>=1.0.3)"]
sqlalchemy = ["sqlalchemy"]
sqs = ["boto3 (>=1.4.4)", "pycurl (==7.43.0.2)"]
yaml = ["PyYAML (>=3.10)"]
zookeeper = ["kazoo (>=1.3.1)"]

[[package]]
name = "mccabe"
version = "0.6.1"
description = "McCabe checker, plugin for flake8"
category = "dev"
optional = false
python-versions = "*"

[[package]]
name = "pillow"
version = "8.1.2"
description = "Python Imaging Library (Fork)"
category = "main"
optional = false
python-versions = ">=3.6"

[[package]]
name = "prompt-toolkit"
version = "3.0.16"
description = "Library for building powerful interactive command lines in Python"
category = "main"
optional = false
python-versions = ">=3.6.1"

[package.dependencies]
wcwidth = "*"

[[package]]
name = "pycodestyle"
version = "2.6.0"
description = "Python style guide checker"
category = "dev"
optional = false
python-versions = ">=2.7, !=3.0.*, !=3.1.*, !=3.2.*, !=3.3.*"

[[package]]
name = "pyflakes"
version = "2.2.0"
description = "passive checker of Python programs"
category = "dev"
optional = false
python-versions = ">=2.7, !=3.0.*, !=3.1.*, !=3.2.*, !=3.3.*"

[[package]]
name = "python-dateutil"
version = "2.8.1"
description = "Extensions to the standard Python datetime module"
category = "dev"
optional = false
python-versions = "!=3.0.*,!=3.1.*,!=3.2.*,>=2.7"

[package.dependencies]
six = ">=1.5"

[[package]]
name = "pytz"
version = "2021.1"
description = "World timezone definitions, modern and historical"
category = "main"
optional = false
python-versions = "*"

[[package]]
name = "redis"
version = "3.5.3"
description = "Python client for Redis key-value store"
category = "main"
optional = false
python-versions = ">=2.7, !=3.0.*, !=3.1.*, !=3.2.*, !=3.3.*, !=3.4.*"

[package.extras]
hiredis = ["hiredis (>=0.1.3)"]

[[package]]
name = "requests"
version = "2.25.1"
description = "Python HTTP for Humans."
category = "main"
optional = false
python-versions = ">=2.7, !=3.0.*, !=3.1.*, !=3.2.*, !=3.3.*, !=3.4.*"

[package.dependencies]
certifi = ">=2017.4.17"
chardet = ">=3.0.2,<5"
idna = ">=2.5,<3"
urllib3 = ">=1.21.1,<1.27"

[package.extras]
security = ["pyOpenSSL (>=0.14)", "cryptography (>=1.3.4)"]
socks = ["PySocks (>=1.5.6,!=1.5.7)", "win-inet-pton"]

[[package]]
name = "six"
version = "1.15.0"
description = "Python 2 and 3 compatibility utilities"
category = "main"
optional = false
python-versions = ">=2.7, !=3.0.*, !=3.1.*, !=3.2.*"

[[package]]
name = "sqlalchemy"
version = "1.3.23"
description = "Database Abstraction Library"
category = "main"
optional = false
python-versions = ">=2.7, !=3.0.*, !=3.1.*, !=3.2.*, !=3.3.*"

[package.extras]
mssql = ["pyodbc"]
mssql_pymssql = ["pymssql"]
mssql_pyodbc = ["pyodbc"]
mysql = ["mysqlclient"]
oracle = ["cx-oracle"]
postgresql = ["psycopg2"]
postgresql_pg8000 = ["pg8000 (<1.16.6)"]
postgresql_psycopg2binary = ["psycopg2-binary"]
postgresql_psycopg2cffi = ["psycopg2cffi"]
pymysql = ["pymysql (<1)", "pymysql"]

[[package]]
name = "sqlparse"
version = "0.4.1"
description = "A non-validating SQL parser."
category = "main"
optional = false
python-versions = ">=3.5"

[[package]]
name = "text-unidecode"
version = "1.3"
description = "The most basic Text::Unidecode port"
category = "dev"
optional = false
python-versions = "*"

[[package]]
name = "urllib3"
version = "1.26.4"
description = "HTTP library with thread-safe connection pooling, file post, and more."
category = "main"
optional = false
python-versions = ">=2.7, !=3.0.*, !=3.1.*, !=3.2.*, !=3.3.*, !=3.4.*, <4"

[package.extras]
secure = ["pyOpenSSL (>=0.14)", "cryptography (>=1.3.4)", "idna (>=2.0.0)", "certifi", "ipaddress"]
socks = ["PySocks (>=1.5.6,!=1.5.7,<2.0)"]
brotli = ["brotlipy (>=0.6.0)"]

[[package]]
name = "vine"
version = "5.0.0"
description = "Promises, promises, promises."
category = "main"
optional = false
python-versions = ">=3.6"

[[package]]
name = "wcwidth"
version = "0.2.5"
description = "Measures the displayed width of unicode strings in a terminal"
category = "main"
optional = false
python-versions = "*"

[metadata]
lock-version = "1.1"
python-versions = "^3.8"
content-hash = "3776496eb92f1b363ee0bc60b5b506acb16bf99c1a3a8a49dd24ea9b76b47c5a"

[metadata.files]
amqp = [
    {file = "amqp-5.0.5-py3-none-any.whl", hash = "sha256:1e759a7f202d910939de6eca45c23a107f6b71111f41d1282c648e9ac3d21901"},
    {file = "amqp-5.0.5.tar.gz", hash = "sha256:affdd263d8b8eb3c98170b78bf83867cdb6a14901d586e00ddb65bfe2f0c4e60"},
]
asgiref = [
    {file = "asgiref-3.3.1-py3-none-any.whl", hash = "sha256:5ee950735509d04eb673bd7f7120f8fa1c9e2df495394992c73234d526907e17"},
    {file = "asgiref-3.3.1.tar.gz", hash = "sha256:7162a3cb30ab0609f1a4c95938fd73e8604f63bdba516a7f7d64b83ff09478f0"},
]
billiard = [
    {file = "billiard-3.6.3.0-py3-none-any.whl", hash = "sha256:bff575450859a6e0fbc2f9877d9b715b0bbc07c3565bb7ed2280526a0cdf5ede"},
    {file = "billiard-3.6.3.0.tar.gz", hash = "sha256:d91725ce6425f33a97dfa72fb6bfef0e47d4652acd98a032bd1a7fbf06d5fa6a"},
]
celery = [
    {file = "celery-5.0.5-py3-none-any.whl", hash = "sha256:5e8d364e058554e83bbb116e8377d90c79be254785f357cb2cec026e79febe13"},
    {file = "celery-5.0.5.tar.gz", hash = "sha256:f4efebe6f8629b0da2b8e529424de376494f5b7a743c321c8a2ddc2b1414921c"},
]
certifi = [
    {file = "certifi-2020.12.5-py2.py3-none-any.whl", hash = "sha256:719a74fb9e33b9bd44cc7f3a8d94bc35e4049deebe19ba7d8e108280cfd59830"},
    {file = "certifi-2020.12.5.tar.gz", hash = "sha256:1a4995114262bffbc2413b159f2a1a480c969de6e6eb13ee966d470af86af59c"},
]
chardet = [
    {file = "chardet-4.0.0-py2.py3-none-any.whl", hash = "sha256:f864054d66fd9118f2e67044ac8981a54775ec5b67aed0441892edb553d21da5"},
    {file = "chardet-4.0.0.tar.gz", hash = "sha256:0d6f53a15db4120f2b08c94f11e7d93d2c911ee118b6b30a04ec3ee8310179fa"},
]
click = [
    {file = "click-7.1.2-py2.py3-none-any.whl", hash = "sha256:dacca89f4bfadd5de3d7489b7c8a566eee0d3676333fbb50030263894c38c0dc"},
    {file = "click-7.1.2.tar.gz", hash = "sha256:d2b5255c7c6349bc1bd1e59e08cd12acbbd63ce649f2588755783aa94dfb6b1a"},
]
click-didyoumean = [
    {file = "click-didyoumean-0.0.3.tar.gz", hash = "sha256:112229485c9704ff51362fe34b2d4f0b12fc71cc20f6d2b3afabed4b8bfa6aeb"},
]
click-plugins = [
    {file = "click-plugins-1.1.1.tar.gz", hash = "sha256:46ab999744a9d831159c3411bb0c79346d94a444df9a3a3742e9ed63645f264b"},
    {file = "click_plugins-1.1.1-py2.py3-none-any.whl", hash = "sha256:5d262006d3222f5057fd81e1623d4443e41dcda5dc815c06b442aa3c02889fc8"},
]
click-repl = [
    {file = "click-repl-0.1.6.tar.gz", hash = "sha256:b9f29d52abc4d6059f8e276132a111ab8d94980afe6a5432b9d996544afa95d5"},
    {file = "click_repl-0.1.6-py3-none-any.whl", hash = "sha256:9c4c3d022789cae912aad8a3f5e1d7c2cdd016ee1225b5212ad3e8691563cda5"},
]
django = [
    {file = "Django-3.1.7-py3-none-any.whl", hash = "sha256:baf099db36ad31f970775d0be5587cc58a6256a6771a44eb795b554d45f211b8"},
    {file = "Django-3.1.7.tar.gz", hash = "sha256:32ce792ee9b6a0cbbec340123e229ac9f765dff8c2a4ae9247a14b2ba3a365a7"},
]
django-redis = [
    {file = "django-redis-4.12.1.tar.gz", hash = "sha256:306589c7021e6468b2656edc89f62b8ba67e8d5a1c8877e2688042263daa7a63"},
    {file = "django_redis-4.12.1-py3-none-any.whl", hash = "sha256:1133b26b75baa3664164c3f44b9d5d133d1b8de45d94d79f38d1adc5b1d502e5"},
]
faker = [
    {file = "Faker-6.5.0-py3-none-any.whl", hash = "sha256:90b69e9e05d622edb2fa5ebfda7bef41c88675cace85e72689fde5b8723d00a3"},
    {file = "Faker-6.5.0.tar.gz", hash = "sha256:da395fe545f40d4366b82b1a02448847a4586bd2b28af393b3edbd1e45d1e0fc"},
]
flake8 = [
    {file = "flake8-3.8.4-py2.py3-none-any.whl", hash = "sha256:749dbbd6bfd0cf1318af27bf97a14e28e5ff548ef8e5b1566ccfb25a11e7c839"},
    {file = "flake8-3.8.4.tar.gz", hash = "sha256:aadae8761ec651813c24be05c6f7b4680857ef6afaae4651a4eccaef97ce6c3b"},
]
gender-guesser = [
    {file = "gender-guesser-0.4.0.tar.gz", hash = "sha256:1591c14592805ca7da06a46d5f7202511f7cb87547049a68dfccbeedb879f31b"},
    {file = "gender_guesser-0.4.0-py2.py3-none-any.whl", hash = "sha256:7cb01ce5d8d43b94573498bc02c959b622872abd399622ca67d1b73ba6e7e222"},
]
gunicorn = [
    {file = "gunicorn-20.0.4-py2.py3-none-any.whl", hash = "sha256:cd4a810dd51bf497552cf3f863b575dabd73d6ad6a91075b65936b151cbf4f9c"},
    {file = "gunicorn-20.0.4.tar.gz", hash = "sha256:1904bb2b8a43658807108d59c3f3d56c2b6121a701161de0ddf9ad140073c626"},
]
idna = [
    {file = "idna-2.10-py2.py3-none-any.whl", hash = "sha256:b97d804b1e9b523befed77c48dacec60e6dcb0b5391d57af6a65a312a90648c0"},
    {file = "idna-2.10.tar.gz", hash = "sha256:b307872f855b18632ce0c21c5e45be78c0ea7ae4c15c828c20788b26921eb3f6"},
]
kombu = [
    {file = "kombu-5.0.2-py2.py3-none-any.whl", hash = "sha256:6dc509178ac4269b0e66ab4881f70a2035c33d3a622e20585f965986a5182006"},
    {file = "kombu-5.0.2.tar.gz", hash = "sha256:f4965fba0a4718d47d470beeb5d6446e3357a62402b16c510b6a2f251e05ac3c"},
]
mccabe = [
    {file = "mccabe-0.6.1-py2.py3-none-any.whl", hash = "sha256:ab8a6258860da4b6677da4bd2fe5dc2c659cff31b3ee4f7f5d64e79735b80d42"},
    {file = "mccabe-0.6.1.tar.gz", hash = "sha256:dd8d182285a0fe56bace7f45b5e7d1a6ebcbf524e8f3bd87eb0f125271b8831f"},
]
pillow = [
    {file = "Pillow-8.1.2-cp36-cp36m-macosx_10_10_x86_64.whl", hash = "sha256:5cf03b9534aca63b192856aa601c68d0764810857786ea5da652581f3a44c2b0"},
    {file = "Pillow-8.1.2-cp36-cp36m-manylinux1_i686.whl", hash = "sha256:f91b50ad88048d795c0ad004abbe1390aa1882073b1dca10bfd55d0b8cf18ec5"},
    {file = "Pillow-8.1.2-cp36-cp36m-manylinux1_x86_64.whl", hash = "sha256:5762ebb4436f46b566fc6351d67a9b5386b5e5de4e58fdaa18a1c83e0e20f1a8"},
    {file = "Pillow-8.1.2-cp36-cp36m-manylinux2014_aarch64.whl", hash = "sha256:e2cd8ac157c1e5ae88b6dd790648ee5d2777e76f1e5c7d184eaddb2938594f34"},
    {file = "Pillow-8.1.2-cp36-cp36m-win32.whl", hash = "sha256:72027ebf682abc9bafd93b43edc44279f641e8996fb2945104471419113cfc71"},
    {file = "Pillow-8.1.2-cp36-cp36m-win_amd64.whl", hash = "sha256:d1d6bca39bb6dd94fba23cdb3eeaea5e30c7717c5343004d900e2a63b132c341"},
    {file = "Pillow-8.1.2-cp37-cp37m-macosx_10_10_x86_64.whl", hash = "sha256:90882c6f084ef68b71bba190209a734bf90abb82ab5e8f64444c71d5974008c6"},
    {file = "Pillow-8.1.2-cp37-cp37m-manylinux1_i686.whl", hash = "sha256:89e4c757a91b8c55d97c91fa09c69b3677c227b942fa749e9a66eef602f59c28"},
    {file = "Pillow-8.1.2-cp37-cp37m-manylinux1_x86_64.whl", hash = "sha256:8c4e32218c764bc27fe49b7328195579581aa419920edcc321c4cb877c65258d"},
    {file = "Pillow-8.1.2-cp37-cp37m-manylinux2014_aarch64.whl", hash = "sha256:a01da2c266d9868c4f91a9c6faf47a251f23b9a862dce81d2ff583135206f5be"},
    {file = "Pillow-8.1.2-cp37-cp37m-win32.whl", hash = "sha256:30d33a1a6400132e6f521640dd3f64578ac9bfb79a619416d7e8802b4ce1dd55"},
    {file = "Pillow-8.1.2-cp37-cp37m-win_amd64.whl", hash = "sha256:71b01ee69e7df527439d7752a2ce8fb89e19a32df484a308eca3e81f673d3a03"},
    {file = "Pillow-8.1.2-cp38-cp38-macosx_10_10_x86_64.whl", hash = "sha256:5a2d957eb4aba9d48170b8fe6538ec1fbc2119ffe6373782c03d8acad3323f2e"},
    {file = "Pillow-8.1.2-cp38-cp38-manylinux1_i686.whl", hash = "sha256:87f42c976f91ca2fc21a3293e25bd3cd895918597db1b95b93cbd949f7d019ce"},
    {file = "Pillow-8.1.2-cp38-cp38-manylinux1_x86_64.whl", hash = "sha256:15306d71a1e96d7e271fd2a0737038b5a92ca2978d2e38b6ced7966583e3d5af"},
    {file = "Pillow-8.1.2-cp38-cp38-manylinux2014_aarch64.whl", hash = "sha256:71f31ee4df3d5e0b366dd362007740106d3210fb6a56ec4b581a5324ba254f06"},
    {file = "Pillow-8.1.2-cp38-cp38-win32.whl", hash = "sha256:98afcac3205d31ab6a10c5006b0cf040d0026a68ec051edd3517b776c1d78b09"},
    {file = "Pillow-8.1.2-cp38-cp38-win_amd64.whl", hash = "sha256:328240f7dddf77783e72d5ed79899a6b48bc6681f8d1f6001f55933cb4905060"},
    {file = "Pillow-8.1.2-cp39-cp39-macosx_10_10_x86_64.whl", hash = "sha256:bead24c0ae3f1f6afcb915a057943ccf65fc755d11a1410a909c1fefb6c06ad1"},
    {file = "Pillow-8.1.2-cp39-cp39-macosx_11_0_arm64.whl", hash = "sha256:81b3716cc9744ffdf76b39afb6247eae754186838cedad0b0ac63b2571253fe6"},
    {file = "Pillow-8.1.2-cp39-cp39-manylinux1_i686.whl", hash = "sha256:63cd413ac52ee3f67057223d363f4f82ce966e64906aea046daf46695e3c8238"},
    {file = "Pillow-8.1.2-cp39-cp39-manylinux1_x86_64.whl", hash = "sha256:8565355a29655b28fdc2c666fd9a3890fe5edc6639d128814fafecfae2d70910"},
    {file = "Pillow-8.1.2-cp39-cp39-manylinux2014_aarch64.whl", hash = "sha256:1940fc4d361f9cc7e558d6f56ff38d7351b53052fd7911f4b60cd7bc091ea3b1"},
    {file = "Pillow-8.1.2-cp39-cp39-win32.whl", hash = "sha256:46c2bcf8e1e75d154e78417b3e3c64e96def738c2a25435e74909e127a8cba5e"},
    {file = "Pillow-8.1.2-cp39-cp39-win_amd64.whl", hash = "sha256:aeab4cd016e11e7aa5cfc49dcff8e51561fa64818a0be86efa82c7038e9369d0"},
    {file = "Pillow-8.1.2-pp36-pypy36_pp73-macosx_10_10_x86_64.whl", hash = "sha256:74cd9aa648ed6dd25e572453eb09b08817a1e3d9f8d1bd4d8403d99e42ea790b"},
    {file = "Pillow-8.1.2-pp36-pypy36_pp73-manylinux2010_i686.whl", hash = "sha256:e5739ae63636a52b706a0facec77b2b58e485637e1638202556156e424a02dc2"},
    {file = "Pillow-8.1.2-pp36-pypy36_pp73-manylinux2010_x86_64.whl", hash = "sha256:903293320efe2466c1ab3509a33d6b866dc850cfd0c5d9cc92632014cec185fb"},
    {file = "Pillow-8.1.2-pp37-pypy37_pp73-macosx_10_10_x86_64.whl", hash = "sha256:5daba2b40782c1c5157a788ec4454067c6616f5a0c1b70e26ac326a880c2d328"},
    {file = "Pillow-8.1.2-pp37-pypy37_pp73-manylinux2010_i686.whl", hash = "sha256:1f93f2fe211f1ef75e6f589327f4d4f8545d5c8e826231b042b483d8383e8a7c"},
    {file = "Pillow-8.1.2-pp37-pypy37_pp73-manylinux2010_x86_64.whl", hash = "sha256:6efac40344d8f668b6c4533ae02a48d52fd852ef0654cc6f19f6ac146399c733"},
    {file = "Pillow-8.1.2-pp37-pypy37_pp73-win32.whl", hash = "sha256:f36c3ff63d6fc509ce599a2f5b0d0732189eed653420e7294c039d342c6e204a"},
    {file = "Pillow-8.1.2.tar.gz", hash = "sha256:b07c660e014852d98a00a91adfbe25033898a9d90a8f39beb2437d22a203fc44"},
]
prompt-toolkit = [
    {file = "prompt_toolkit-3.0.16-py3-none-any.whl", hash = "sha256:62c811e46bd09130fb11ab759012a4ae385ce4fb2073442d1898867a824183bd"},
    {file = "prompt_toolkit-3.0.16.tar.gz", hash = "sha256:0fa02fa80363844a4ab4b8d6891f62dd0645ba672723130423ca4037b80c1974"},
]
pycodestyle = [
    {file = "pycodestyle-2.6.0-py2.py3-none-any.whl", hash = "sha256:2295e7b2f6b5bd100585ebcb1f616591b652db8a741695b3d8f5d28bdc934367"},
    {file = "pycodestyle-2.6.0.tar.gz", hash = "sha256:c58a7d2815e0e8d7972bf1803331fb0152f867bd89adf8a01dfd55085434192e"},
]
pyflakes = [
    {file = "pyflakes-2.2.0-py2.py3-none-any.whl", hash = "sha256:0d94e0e05a19e57a99444b6ddcf9a6eb2e5c68d3ca1e98e90707af8152c90a92"},
    {file = "pyflakes-2.2.0.tar.gz", hash = "sha256:35b2d75ee967ea93b55750aa9edbbf72813e06a66ba54438df2cfac9e3c27fc8"},
]
python-dateutil = [
    {file = "python-dateutil-2.8.1.tar.gz", hash = "sha256:73ebfe9dbf22e832286dafa60473e4cd239f8592f699aa5adaf10050e6e1823c"},
    {file = "python_dateutil-2.8.1-py2.py3-none-any.whl", hash = "sha256:75bb3f31ea686f1197762692a9ee6a7550b59fc6ca3a1f4b5d7e32fb98e2da2a"},
]
pytz = [
    {file = "pytz-2021.1-py2.py3-none-any.whl", hash = "sha256:eb10ce3e7736052ed3623d49975ce333bcd712c7bb19a58b9e2089d4057d0798"},
    {file = "pytz-2021.1.tar.gz", hash = "sha256:83a4a90894bf38e243cf052c8b58f381bfe9a7a483f6a9cab140bc7f702ac4da"},
]
redis = [
    {file = "redis-3.5.3-py2.py3-none-any.whl", hash = "sha256:432b788c4530cfe16d8d943a09d40ca6c16149727e4afe8c2c9d5580c59d9f24"},
    {file = "redis-3.5.3.tar.gz", hash = "sha256:0e7e0cfca8660dea8b7d5cd8c4f6c5e29e11f31158c0b0ae91a397f00e5a05a2"},
]
requests = [
    {file = "requests-2.25.1-py2.py3-none-any.whl", hash = "sha256:c210084e36a42ae6b9219e00e48287def368a26d03a048ddad7bfee44f75871e"},
    {file = "requests-2.25.1.tar.gz", hash = "sha256:27973dd4a904a4f13b263a19c866c13b92a39ed1c964655f025f3f8d3d75b804"},
]
six = [
    {file = "six-1.15.0-py2.py3-none-any.whl", hash = "sha256:8b74bedcbbbaca38ff6d7491d76f2b06b3592611af620f8426e82dddb04a5ced"},
    {file = "six-1.15.0.tar.gz", hash = "sha256:30639c035cdb23534cd4aa2dd52c3bf48f06e5f4a941509c8bafd8ce11080259"},
]
sqlalchemy = [
    {file = "SQLAlchemy-1.3.23-cp27-cp27m-macosx_10_14_x86_64.whl", hash = "sha256:fd3b96f8c705af8e938eaa99cbd8fd1450f632d38cad55e7367c33b263bf98ec"},
    {file = "SQLAlchemy-1.3.23-cp27-cp27m-manylinux1_x86_64.whl", hash = "sha256:29cccc9606750fe10c5d0e8bd847f17a97f3850b8682aef1f56f5d5e1a5a64b1"},
    {file = "SQLAlchemy-1.3.23-cp27-cp27m-manylinux2010_x86_64.whl", hash = "sha256:927ce09e49bff3104459e1451ce82983b0a3062437a07d883a4c66f0b344c9b5"},
    {file = "SQLAlchemy-1.3.23-cp27-cp27m-win32.whl", hash = "sha256:b4b0e44d586cd64b65b507fa116a3814a1a53d55dce4836d7c1a6eb2823ff8d1"},
    {file = "SQLAlchemy-1.3.23-cp27-cp27m-win_amd64.whl", hash = "sha256:6b8b8c80c7f384f06825612dd078e4a31f0185e8f1f6b8c19e188ff246334205"},
    {file = "SQLAlchemy-1.3.23-cp27-cp27mu-manylinux1_x86_64.whl", hash = "sha256:9e9c25522933e569e8b53ccc644dc993cab87e922fb7e142894653880fdd419d"},
    {file = "SQLAlchemy-1.3.23-cp27-cp27mu-manylinux2010_x86_64.whl", hash = "sha256:a0e306e9bb76fd93b29ae3a5155298e4c1b504c7cbc620c09c20858d32d16234"},
    {file = "SQLAlchemy-1.3.23-cp35-cp35m-macosx_10_14_x86_64.whl", hash = "sha256:6c9e6cc9237de5660bcddea63f332428bb83c8e2015c26777281f7ffbd2efb84"},
    {file = "SQLAlchemy-1.3.23-cp35-cp35m-manylinux1_x86_64.whl", hash = "sha256:94f667d86be82dd4cb17d08de0c3622e77ca865320e0b95eae6153faa7b4ecaf"},
    {file = "SQLAlchemy-1.3.23-cp35-cp35m-manylinux2010_x86_64.whl", hash = "sha256:751934967f5336a3e26fc5993ccad1e4fee982029f9317eb6153bc0bc3d2d2da"},
    {file = "SQLAlchemy-1.3.23-cp35-cp35m-manylinux2014_aarch64.whl", hash = "sha256:63677d0c08524af4c5893c18dbe42141de7178001360b3de0b86217502ed3601"},
    {file = "SQLAlchemy-1.3.23-cp35-cp35m-win32.whl", hash = "sha256:ddfb511e76d016c3a160910642d57f4587dc542ce5ee823b0d415134790eeeb9"},
    {file = "SQLAlchemy-1.3.23-cp35-cp35m-win_amd64.whl", hash = "sha256:040bdfc1d76a9074717a3f43455685f781c581f94472b010cd6c4754754e1862"},
    {file = "SQLAlchemy-1.3.23-cp36-cp36m-macosx_10_14_x86_64.whl", hash = "sha256:d1a85dfc5dee741bf49cb9b6b6b8d2725a268e4992507cf151cba26b17d97c37"},
    {file = "SQLAlchemy-1.3.23-cp36-cp36m-manylinux1_x86_64.whl", hash = "sha256:639940bbe1108ac667dcffc79925db2966826c270112e9159439ab6bb14f8d80"},
    {file = "SQLAlchemy-1.3.23-cp36-cp36m-manylinux2010_x86_64.whl", hash = "sha256:e8a1750b44ad6422ace82bf3466638f1aa0862dbb9689690d5f2f48cce3476c8"},
    {file = "SQLAlchemy-1.3.23-cp36-cp36m-manylinux2014_aarch64.whl", hash = "sha256:e5bb3463df697279e5459a7316ad5a60b04b0107f9392e88674d0ece70e9cf70"},
    {file = "SQLAlchemy-1.3.23-cp36-cp36m-win32.whl", hash = "sha256:e273367f4076bd7b9a8dc2e771978ef2bfd6b82526e80775a7db52bff8ca01dd"},
    {file = "SQLAlchemy-1.3.23-cp36-cp36m-win_amd64.whl", hash = "sha256:ac2244e64485c3778f012951fdc869969a736cd61375fde6096d08850d8be729"},
    {file = "SQLAlchemy-1.3.23-cp37-cp37m-macosx_10_14_x86_64.whl", hash = "sha256:23927c3981d1ec6b4ea71eb99d28424b874d9c696a21e5fbd9fa322718be3708"},
    {file = "SQLAlchemy-1.3.23-cp37-cp37m-manylinux1_x86_64.whl", hash = "sha256:d90010304abb4102123d10cbad2cdf2c25a9f2e66a50974199b24b468509bad5"},
    {file = "SQLAlchemy-1.3.23-cp37-cp37m-manylinux2010_x86_64.whl", hash = "sha256:a8bfc1e1afe523e94974132d7230b82ca7fa2511aedde1f537ec54db0399541a"},
    {file = "SQLAlchemy-1.3.23-cp37-cp37m-manylinux2014_aarch64.whl", hash = "sha256:269990b3ab53cb035d662dcde51df0943c1417bdab707dc4a7e4114a710504b4"},
    {file = "SQLAlchemy-1.3.23-cp37-cp37m-win32.whl", hash = "sha256:fdd2ed7395df8ac2dbb10cefc44737b66c6a5cd7755c92524733d7a443e5b7e2"},
    {file = "SQLAlchemy-1.3.23-cp37-cp37m-win_amd64.whl", hash = "sha256:6a939a868fdaa4b504e8b9d4a61f21aac11e3fecc8a8214455e144939e3d2aea"},
    {file = "SQLAlchemy-1.3.23-cp38-cp38-macosx_10_14_x86_64.whl", hash = "sha256:24f9569e82a009a09ce2d263559acb3466eba2617203170e4a0af91e75b4f075"},
    {file = "SQLAlchemy-1.3.23-cp38-cp38-manylinux1_x86_64.whl", hash = "sha256:2578dbdbe4dbb0e5126fb37ffcd9793a25dcad769a95f171a2161030bea850ff"},
    {file = "SQLAlchemy-1.3.23-cp38-cp38-manylinux2010_x86_64.whl", hash = "sha256:1fe5d8d39118c2b018c215c37b73fd6893c3e1d4895be745ca8ff6eb83333ed3"},
    {file = "SQLAlchemy-1.3.23-cp38-cp38-manylinux2014_aarch64.whl", hash = "sha256:c7dc052432cd5d060d7437e217dd33c97025287f99a69a50e2dc1478dd610d64"},
    {file = "SQLAlchemy-1.3.23-cp38-cp38-win32.whl", hash = "sha256:ecce8c021894a77d89808222b1ff9687ad84db54d18e4bd0500ca766737faaf6"},
    {file = "SQLAlchemy-1.3.23-cp38-cp38-win_amd64.whl", hash = "sha256:37b83bf81b4b85dda273aaaed5f35ea20ad80606f672d94d2218afc565fb0173"},
    {file = "SQLAlchemy-1.3.23-cp39-cp39-macosx_10_14_x86_64.whl", hash = "sha256:8be835aac18ec85351385e17b8665bd4d63083a7160a017bef3d640e8e65cadb"},
    {file = "SQLAlchemy-1.3.23-cp39-cp39-manylinux1_x86_64.whl", hash = "sha256:6ec1044908414013ebfe363450c22f14698803ce97fbb47e53284d55c5165848"},
    {file = "SQLAlchemy-1.3.23-cp39-cp39-manylinux2010_x86_64.whl", hash = "sha256:eab063a70cca4a587c28824e18be41d8ecc4457f8f15b2933584c6c6cccd30f0"},
    {file = "SQLAlchemy-1.3.23-cp39-cp39-manylinux2014_aarch64.whl", hash = "sha256:baeb451ee23e264de3f577fee5283c73d9bbaa8cb921d0305c0bbf700094b65b"},
    {file = "SQLAlchemy-1.3.23-cp39-cp39-win32.whl", hash = "sha256:94208867f34e60f54a33a37f1c117251be91a47e3bfdb9ab8a7847f20886ad06"},
    {file = "SQLAlchemy-1.3.23-cp39-cp39-win_amd64.whl", hash = "sha256:f4d972139d5000105fcda9539a76452039434013570d6059993120dc2a65e447"},
    {file = "SQLAlchemy-1.3.23.tar.gz", hash = "sha256:6fca33672578666f657c131552c4ef8979c1606e494f78cd5199742dfb26918b"},
]
sqlparse = [
    {file = "sqlparse-0.4.1-py3-none-any.whl", hash = "sha256:017cde379adbd6a1f15a61873f43e8274179378e95ef3fede90b5aa64d304ed0"},
    {file = "sqlparse-0.4.1.tar.gz", hash = "sha256:0f91fd2e829c44362cbcfab3e9ae12e22badaa8a29ad5ff599f9ec109f0454e8"},
]
text-unidecode = [
    {file = "text-unidecode-1.3.tar.gz", hash = "sha256:bad6603bb14d279193107714b288be206cac565dfa49aa5b105294dd5c4aab93"},
    {file = "text_unidecode-1.3-py2.py3-none-any.whl", hash = "sha256:1311f10e8b895935241623731c2ba64f4c455287888b18189350b67134a822e8"},
]
urllib3 = [
    {file = "urllib3-1.26.4-py2.py3-none-any.whl", hash = "sha256:2f4da4594db7e1e110a944bb1b551fdf4e6c136ad42e4234131391e21eb5b0df"},
    {file = "urllib3-1.26.4.tar.gz", hash = "sha256:e7b021f7241115872f92f43c6508082facffbd1c048e3c6e2bb9c2a157e28937"},
]
vine = [
    {file = "vine-5.0.0-py2.py3-none-any.whl", hash = "sha256:4c9dceab6f76ed92105027c49c823800dd33cacce13bdedc5b914e3514b7fb30"},
    {file = "vine-5.0.0.tar.gz", hash = "sha256:7d3b1624a953da82ef63462013bbd271d3eb75751489f9807598e8f340bd637e"},
]
wcwidth = [
    {file = "wcwidth-0.2.5-py2.py3-none-any.whl", hash = "sha256:beb4802a9cebb9144e99086eff703a642a13d6a0052920003a230f3294bbe784"},
    {file = "wcwidth-0.2.5.tar.gz", hash = "sha256:c4d647b99872929fdb7bdcaa4fbe7f01413ed3d98077df798530e5b04f116c83"},
]
